// !$*UTF8*$!
{
	archiveVersion = 1;
	classes = {
	};
	objectVersion = 56;
	objects = {

/* Begin PBXBuildFile section */
		D39E6F212AC74D84000D3D29 /* AppDelegate.swift in Sources */ = {isa = PBXBuildFile; fileRef = D39E6F202AC74D84000D3D29 /* AppDelegate.swift */; };
		D39E6F232AC74D84000D3D29 /* SceneDelegate.swift in Sources */ = {isa = PBXBuildFile; fileRef = D39E6F222AC74D84000D3D29 /* SceneDelegate.swift */; };
		D39E6F252AC74D84000D3D29 /* ViewController.swift in Sources */ = {isa = PBXBuildFile; fileRef = D39E6F242AC74D84000D3D29 /* ViewController.swift */; };
		D39E6F282AC74D84000D3D29 /* Main.storyboard in Resources */ = {isa = PBXBuildFile; fileRef = D39E6F262AC74D84000D3D29 /* Main.storyboard */; };
		D39E6F2A2AC74D85000D3D29 /* Assets.xcassets in Resources */ = {isa = PBXBuildFile; fileRef = D39E6F292AC74D85000D3D29 /* Assets.xcassets */; };
		D39E6F2D2AC74D85000D3D29 /* LaunchScreen.storyboard in Resources */ = {isa = PBXBuildFile; fileRef = D39E6F2B2AC74D85000D3D29 /* LaunchScreen.storyboard */; };
		D39E6F352AC750A5000D3D29 /* ViewController2.swift in Sources */ = {isa = PBXBuildFile; fileRef = D39E6F342AC750A5000D3D29 /* ViewController2.swift */; };
		D39E6F372AC76D4C000D3D29 /* CustomView.swift in Sources */ = {isa = PBXBuildFile; fileRef = D39E6F362AC76D4C000D3D29 /* CustomView.swift */; };
		D3F92AD92AC76FD1002EE286 /* Storyboard2.storyboard in Resources */ = {isa = PBXBuildFile; fileRef = D3F92AD82AC76FD1002EE286 /* Storyboard2.storyboard */; };
/* End PBXBuildFile section */

/* Begin PBXFileReference section */
		D39E6F1D2AC74D84000D3D29 /* 13-Uikit-Storyboard.app */ = {isa = PBXFileReference; explicitFileType = wrapper.application; includeInIndex = 0; path = "13-Uikit-Storyboard.app"; sourceTree = BUILT_PRODUCTS_DIR; };
		D39E6F202AC74D84000D3D29 /* AppDelegate.swift */ = {isa = PBXFileReference; lastKnownFileType = sourcecode.swift; path = AppDelegate.swift; sourceTree = "<group>"; };
		D39E6F222AC74D84000D3D29 /* SceneDelegate.swift */ = {isa = PBXFileReference; lastKnownFileType = sourcecode.swift; path = SceneDelegate.swift; sourceTree = "<group>"; };
		D39E6F242AC74D84000D3D29 /* ViewController.swift */ = {isa = PBXFileReference; lastKnownFileType = sourcecode.swift; path = ViewController.swift; sourceTree = "<group>"; };
		D39E6F272AC74D84000D3D29 /* Base */ = {isa = PBXFileReference; lastKnownFileType = file.storyboard; name = Base; path = Base.lproj/Main.storyboard; sourceTree = "<group>"; };
		D39E6F292AC74D85000D3D29 /* Assets.xcassets */ = {isa = PBXFileReference; lastKnownFileType = folder.assetcatalog; path = Assets.xcassets; sourceTree = "<group>"; };
		D39E6F2C2AC74D85000D3D29 /* Base */ = {isa = PBXFileReference; lastKnownFileType = file.storyboard; name = Base; path = Base.lproj/LaunchScreen.storyboard; sourceTree = "<group>"; };
		D39E6F2E2AC74D85000D3D29 /* Info.plist */ = {isa = PBXFileReference; lastKnownFileType = text.plist.xml; path = Info.plist; sourceTree = "<group>"; };
		D39E6F342AC750A5000D3D29 /* ViewController2.swift */ = {isa = PBXFileReference; lastKnownFileType = sourcecode.swift; path = ViewController2.swift; sourceTree = "<group>"; };
		D39E6F362AC76D4C000D3D29 /* CustomView.swift */ = {isa = PBXFileReference; lastKnownFileType = sourcecode.swift; path = CustomView.swift; sourceTree = "<group>"; };
		D3F92AD82AC76FD1002EE286 /* Storyboard2.storyboard */ = {isa = PBXFileReference; lastKnownFileType = file.storyboard; path = Storyboard2.storyboard; sourceTree = "<group>"; };
/* End PBXFileReference section */

/* Begin PBXFrameworksBuildPhase section */
		D39E6F1A2AC74D84000D3D29 /* Frameworks */ = {
			isa = PBXFrameworksBuildPhase;
			buildActionMask = 2147483647;
			files = (
			);
			runOnlyForDeploymentPostprocessing = 0;
		};
/* End PBXFrameworksBuildPhase section */

/* Begin PBXGroup section */
		D39E6F142AC74D84000D3D29 = {
			isa = PBXGroup;
			children = (
				D39E6F1F2AC74D84000D3D29 /* 13-Uikit-Storyboard */,
				D39E6F1E2AC74D84000D3D29 /* Products */,
			);
			sourceTree = "<group>";
		};
		D39E6F1E2AC74D84000D3D29 /* Products */ = {
			isa = PBXGroup;
			children = (
				D39E6F1D2AC74D84000D3D29 /* 13-Uikit-Storyboard.app */,
			);
			name = Products;
			sourceTree = "<group>";
		};
		D39E6F1F2AC74D84000D3D29 /* 13-Uikit-Storyboard */ = {
			isa = PBXGroup;
			children = (
				D39E6F202AC74D84000D3D29 /* AppDelegate.swift */,
				D39E6F222AC74D84000D3D29 /* SceneDelegate.swift */,
				D39E6F242AC74D84000D3D29 /* ViewController.swift */,
				D39E6F362AC76D4C000D3D29 /* CustomView.swift */,
				D3F92AD82AC76FD1002EE286 /* Storyboard2.storyboard */,
				D39E6F262AC74D84000D3D29 /* Main.storyboard */,
				D39E6F342AC750A5000D3D29 /* ViewController2.swift */,
				D39E6F292AC74D85000D3D29 /* Assets.xcassets */,
				D39E6F2B2AC74D85000D3D29 /* LaunchScreen.storyboard */,
				D39E6F2E2AC74D85000D3D29 /* Info.plist */,
			);
			path = "13-Uikit-Storyboard";
			sourceTree = "<group>";
		};
/* End PBXGroup section */

/* Begin PBXNativeTarget section */
		D39E6F1C2AC74D84000D3D29 /* 13-Uikit-Storyboard */ = {
			isa = PBXNativeTarget;
			buildConfigurationList = D39E6F312AC74D85000D3D29 /* Build configuration list for PBXNativeTarget "13-Uikit-Storyboard" */;
			buildPhases = (
				D39E6F192AC74D84000D3D29 /* Sources */,
				D39E6F1A2AC74D84000D3D29 /* Frameworks */,
				D39E6F1B2AC74D84000D3D29 /* Resources */,
			);
			buildRules = (
			);
			dependencies = (
			);
			name = "13-Uikit-Storyboard";
			productName = "13-Uikit-Storyboard";
			productReference = D39E6F1D2AC74D84000D3D29 /* 13-Uikit-Storyboard.app */;
			productType = "com.apple.product-type.application";
		};
/* End PBXNativeTarget section */

/* Begin PBXProject section */
		D39E6F152AC74D84000D3D29 /* Project object */ = {
			isa = PBXProject;
			attributes = {
				BuildIndependentTargetsInParallel = 1;
				LastSwiftUpdateCheck = 1430;
				LastUpgradeCheck = 1430;
				TargetAttributes = {
					D39E6F1C2AC74D84000D3D29 = {
						CreatedOnToolsVersion = 14.3.1;
					};
				};
			};
			buildConfigurationList = D39E6F182AC74D84000D3D29 /* Build configuration list for PBXProject "13-Uikit-Storyboard" */;
			compatibilityVersion = "Xcode 14.0";
			developmentRegion = en;
			hasScannedForEncodings = 0;
			knownRegions = (
				en,
				Base,
			);
			mainGroup = D39E6F142AC74D84000D3D29;
			productRefGroup = D39E6F1E2AC74D84000D3D29 /* Products */;
			projectDirPath = "";
			projectRoot = "";
			targets = (
				D39E6F1C2AC74D84000D3D29 /* 13-Uikit-Storyboard */,
			);
		};
/* End PBXProject section */

/* Begin PBXResourcesBuildPhase section */
		D39E6F1B2AC74D84000D3D29 /* Resources */ = {
			isa = PBXResourcesBuildPhase;
			buildActionMask = 2147483647;
			files = (
				D3F92AD92AC76FD1002EE286 /* Storyboard2.storyboard in Resources */,
				D39E6F2D2AC74D85000D3D29 /* LaunchScreen.storyboard in Resources */,
				D39E6F2A2AC74D85000D3D29 /* Assets.xcassets in Resources */,
				D39E6F282AC74D84000D3D29 /* Main.storyboard in Resources */,
			);
			runOnlyForDeploymentPostprocessing = 0;
		};
/* End PBXResourcesBuildPhase section */

/* Begin PBXSourcesBuildPhase section */
		D39E6F192AC74D84000D3D29 /* Sources */ = {
			isa = PBXSourcesBuildPhase;
			buildActionMask = 2147483647;
			files = (
				D39E6F372AC76D4C000D3D29 /* CustomView.swift in Sources */,
				D39E6F252AC74D84000D3D29 /* ViewController.swift in Sources */,
				D39E6F352AC750A5000D3D29 /* ViewController2.swift in Sources */,
				D39E6F212AC74D84000D3D29 /* AppDelegate.swift in Sources */,
				D39E6F232AC74D84000D3D29 /* SceneDelegate.swift in Sources */,
			);
			runOnlyForDeploymentPostprocessing = 0;
		};
/* End PBXSourcesBuildPhase section */

/* Begin PBXVariantGroup section */
		D39E6F262AC74D84000D3D29 /* Main.storyboard */ = {
			isa = PBXVariantGroup;
			children = (
				D39E6F272AC74D84000D3D29 /* Base */,
			);
			name = Main.storyboard;
			sourceTree = "<group>";
		};
		D39E6F2B2AC74D85000D3D29 /* LaunchScreen.storyboard */ = {
			isa = PBXVariantGroup;
			children = (
				D39E6F2C2AC74D85000D3D29 /* Base */,
			);
			name = LaunchScreen.storyboard;
			sourceTree = "<group>";
		};
/* End PBXVariantGroup section */

/* Begin XCBuildConfiguration section */
		D39E6F2F2AC74D85000D3D29 /* Debug */ = {
			isa = XCBuildConfiguration;
			buildSettings = {
				ALWAYS_SEARCH_USER_PATHS = NO;
				CLANG_ANALYZER_NONNULL = YES;
				CLANG_ANALYZER_NUMBER_OBJECT_CONVERSION = YES_AGGRESSIVE;
				CLANG_CXX_LANGUAGE_STANDARD = "gnu++20";
				CLANG_ENABLE_MODULES = YES;
				CLANG_ENABLE_OBJC_ARC = YES;
				CLANG_ENABLE_OBJC_WEAK = YES;
				CLANG_WARN_BLOCK_CAPTURE_AUTORELEASING = YES;
				CLANG_WARN_BOOL_CONVERSION = YES;
				CLANG_WARN_COMMA = YES;
				CLANG_WARN_CONSTANT_CONVERSION = YES;
				CLANG_WARN_DEPRECATED_OBJC_IMPLEMENTATIONS = YES;
				CLANG_WARN_DIRECT_OBJC_ISA_USAGE = YES_ERROR;
				CLANG_WARN_DOCUMENTATION_COMMENTS = YES;
				CLANG_WARN_EMPTY_BODY = YES;
				CLANG_WARN_ENUM_CONVERSION = YES;
				CLANG_WARN_INFINITE_RECURSION = YES;
				CLANG_WARN_INT_CONVERSION = YES;
				CLANG_WARN_NON_LITERAL_NULL_CONVERSION = YES;
				CLANG_WARN_OBJC_IMPLICIT_RETAIN_SELF = YES;
				CLANG_WARN_OBJC_LITERAL_CONVERSION = YES;
				CLANG_WARN_OBJC_ROOT_CLASS = YES_ERROR;
				CLANG_WARN_QUOTED_INCLUDE_IN_FRAMEWORK_HEADER = YES;
				CLANG_WARN_RANGE_LOOP_ANALYSIS = YES;
				CLANG_WARN_STRICT_PROTOTYPES = YES;
				CLANG_WARN_SUSPICIOUS_MOVE = YES;
				CLANG_WARN_UNGUARDED_AVAILABILITY = YES_AGGRESSIVE;
				CLANG_WARN_UNREACHABLE_CODE = YES;
				CLANG_WARN__DUPLICATE_METHOD_MATCH = YES;
				COPY_PHASE_STRIP = NO;
				DEBUG_INFORMATION_FORMAT = dwarf;
				ENABLE_STRICT_OBJC_MSGSEND = YES;
				ENABLE_TESTABILITY = YES;
				GCC_C_LANGUAGE_STANDARD = gnu11;
				GCC_DYNAMIC_NO_PIC = NO;
				GCC_NO_COMMON_BLOCKS = YES;
				GCC_OPTIMIZATION_LEVEL = 0;
				GCC_PREPROCESSOR_DEFINITIONS = (
					"DEBUG=1",
					"$(inherited)",
				);
				GCC_WARN_64_TO_32_BIT_CONVERSION = YES;
				GCC_WARN_ABOUT_RETURN_TYPE = YES_ERROR;
				GCC_WARN_UNDECLARED_SELECTOR = YES;
				GCC_WARN_UNINITIALIZED_AUTOS = YES_AGGRESSIVE;
				GCC_WARN_UNUSED_FUNCTION = YES;
				GCC_WARN_UNUSED_VARIABLE = YES;
				IPHONEOS_DEPLOYMENT_TARGET = 16.4;
				MTL_ENABLE_DEBUG_INFO = INCLUDE_SOURCE;
				MTL_FAST_MATH = YES;
				ONLY_ACTIVE_ARCH = YES;
				SDKROOT = iphoneos;
				SWIFT_ACTIVE_COMPILATION_CONDITIONS = DEBUG;
				SWIFT_OPTIMIZATION_LEVEL = "-Onone";
			};
			name = Debug;
		};
		D39E6F302AC74D85000D3D29 /* Release */ = {
			isa = XCBuildConfiguration;
			buildSettings = {
				ALWAYS_SEARCH_USER_PATHS = NO;
				CLANG_ANALYZER_NONNULL = YES;
				CLANG_ANALYZER_NUMBER_OBJECT_CONVERSION = YES_AGGRESSIVE;
				CLANG_CXX_LANGUAGE_STANDARD = "gnu++20";
				CLANG_ENABLE_MODULES = YES;
				CLANG_ENABLE_OBJC_ARC = YES;
				CLANG_ENABLE_OBJC_WEAK = YES;
				CLANG_WARN_BLOCK_CAPTURE_AUTORELEASING = YES;
				CLANG_WARN_BOOL_CONVERSION = YES;
				CLANG_WARN_COMMA = YES;
				CLANG_WARN_CONSTANT_CONVERSION = YES;
				CLANG_WARN_DEPRECATED_OBJC_IMPLEMENTATIONS = YES;
				CLANG_WARN_DIRECT_OBJC_ISA_USAGE = YES_ERROR;
				CLANG_WARN_DOCUMENTATION_COMMENTS = YES;
				CLANG_WARN_EMPTY_BODY = YES;
				CLANG_WARN_ENUM_CONVERSION = YES;
				CLANG_WARN_INFINITE_RECURSION = YES;
				CLANG_WARN_INT_CONVERSION = YES;
				CLANG_WARN_NON_LITERAL_NULL_CONVERSION = YES;
				CLANG_WARN_OBJC_IMPLICIT_RETAIN_SELF = YES;
				CLANG_WARN_OBJC_LITERAL_CONVERSION = YES;
				CLANG_WARN_OBJC_ROOT_CLASS = YES_ERROR;
				CLANG_WARN_QUOTED_INCLUDE_IN_FRAMEWORK_HEADER = YES;
				CLANG_WARN_RANGE_LOOP_ANALYSIS = YES;
				CLANG_WARN_STRICT_PROTOTYPES = YES;
				CLANG_WARN_SUSPICIOUS_MOVE = YES;
				CLANG_WARN_UNGUARDED_AVAILABILITY = YES_AGGRESSIVE;
				CLANG_WARN_UNREACHABLE_CODE = YES;
				CLANG_WARN__DUPLICATE_METHOD_MATCH = YES;
				COPY_PHASE_STRIP = NO;
				DEBUG_INFORMATION_FORMAT = "dwarf-with-dsym";
				ENABLE_NS_ASSERTIONS = NO;
				ENABLE_STRICT_OBJC_MSGSEND = YES;
				GCC_C_LANGUAGE_STANDARD = gnu11;
				GCC_NO_COMMON_BLOCKS = YES;
				GCC_WARN_64_TO_32_BIT_CONVERSION = YES;
				GCC_WARN_ABOUT_RETURN_TYPE = YES_ERROR;
				GCC_WARN_UNDECLARED_SELECTOR = YES;
				GCC_WARN_UNINITIALIZED_AUTOS = YES_AGGRESSIVE;
				GCC_WARN_UNUSED_FUNCTION = YES;
				GCC_WARN_UNUSED_VARIABLE = YES;
				IPHONEOS_DEPLOYMENT_TARGET = 16.4;
				MTL_ENABLE_DEBUG_INFO = NO;
				MTL_FAST_MATH = YES;
				SDKROOT = iphoneos;
				SWIFT_COMPILATION_MODE = wholemodule;
				SWIFT_OPTIMIZATION_LEVEL = "-O";
				VALIDATE_PRODUCT = YES;
			};
			name = Release;
		};
		D39E6F322AC74D85000D3D29 /* Debug */ = {
			isa = XCBuildConfiguration;
			buildSettings = {
				ASSETCATALOG_COMPILER_APPICON_NAME = AppIcon;
				ASSETCATALOG_COMPILER_GLOBAL_ACCENT_COLOR_NAME = AccentColor;
				CODE_SIGN_STYLE = Automatic;
				CURRENT_PROJECT_VERSION = 1;
				DEVELOPMENT_TEAM = 75AZPU37SG;
				GENERATE_INFOPLIST_FILE = YES;
				INFOPLIST_FILE = "13-Uikit-Storyboard/Info.plist";
				INFOPLIST_KEY_UIApplicationSupportsIndirectInputEvents = YES;
				INFOPLIST_KEY_UILaunchStoryboardName = LaunchScreen;
				INFOPLIST_KEY_UIMainStoryboardFile = Main;
				INFOPLIST_KEY_UISupportedInterfaceOrientations_iPad = "UIInterfaceOrientationPortrait UIInterfaceOrientationPortraitUpsideDown UIInterfaceOrientationLandscapeLeft UIInterfaceOrientationLandscapeRight";
				INFOPLIST_KEY_UISupportedInterfaceOrientations_iPhone = "UIInterfaceOrientationPortrait UIInterfaceOrientationLandscapeLeft UIInterfaceOrientationLandscapeRight";
				LD_RUNPATH_SEARCH_PATHS = (
					"$(inherited)",
					"@executable_path/Frameworks",
				);
				MARKETING_VERSION = 1.0;
				PRODUCT_BUNDLE_IDENTIFIER = "com.jonathan.-3-Uikit-Storyboard";
				PRODUCT_NAME = "$(TARGET_NAME)";
				SWIFT_EMIT_LOC_STRINGS = YES;
				SWIFT_VERSION = 5.0;
				TARGETED_DEVICE_FAMILY = "1,2";
			};
			name = Debug;
		};
		D39E6F332AC74D85000D3D29 /* Release */ = {
			isa = XCBuildConfiguration;
			buildSettings = {
				ASSETCATALOG_COMPILER_APPICON_NAME = AppIcon;
				ASSETCATALOG_COMPILER_GLOBAL_ACCENT_COLOR_NAME = AccentColor;
				CODE_SIGN_STYLE = Automatic;
				CURRENT_PROJECT_VERSION = 1;
				DEVELOPMENT_TEAM = 75AZPU37SG;
				GENERATE_INFOPLIST_FILE = YES;
				INFOPLIST_FILE = "13-Uikit-Storyboard/Info.plist";
				INFOPLIST_KEY_UIApplicationSupportsIndirectInputEvents = YES;
				INFOPLIST_KEY_UILaunchStoryboardName = LaunchScreen;
				INFOPLIST_KEY_UIMainStoryboardFile = Main;
				INFOPLIST_KEY_UISupportedInterfaceOrientations_iPad = "UIInterfaceOrientationPortrait UIInterfaceOrientationPortraitUpsideDown UIInterfaceOrientationLandscapeLeft UIInterfaceOrientationLandscapeRight";
				INFOPLIST_KEY_UISupportedInterfaceOrientations_iPhone = "UIInterfaceOrientationPortrait UIInterfaceOrientationLandscapeLeft UIInterfaceOrientationLandscapeRight";
				LD_RUNPATH_SEARCH_PATHS = (
					"$(inherited)",
					"@executable_path/Frameworks",
				);
				MARKETING_VERSION = 1.0;
				PRODUCT_BUNDLE_IDENTIFIER = "com.jonathan.-3-Uikit-Storyboard";
				PRODUCT_NAME = "$(TARGET_NAME)";
				SWIFT_EMIT_LOC_STRINGS = YES;
				SWIFT_VERSION = 5.0;
				TARGETED_DEVICE_FAMILY = "1,2";
			};
			name = Release;
		};
/* End XCBuildConfiguration section */

/* Begin XCConfigurationList section */
		D39E6F182AC74D84000D3D29 /* Build configuration list for PBXProject "13-Uikit-Storyboard" */ = {
			isa = XCConfigurationList;
			buildConfigurations = (
				D39E6F2F2AC74D85000D3D29 /* Debug */,
				D39E6F302AC74D85000D3D29 /* Release */,
			);
			defaultConfigurationIsVisible = 0;
			defaultConfigurationName = Release;
		};
		D39E6F312AC74D85000D3D29 /* Build configuration list for PBXNativeTarget "13-Uikit-Storyboard" */ = {
			isa = XCConfigurationList;
			buildConfigurations = (
				D39E6F322AC74D85000D3D29 /* Debug */,
				D39E6F332AC74D85000D3D29 /* Release */,
			);
			defaultConfigurationIsVisible = 0;
			defaultConfigurationName = Release;
		};
/* End XCConfigurationList section */
	};
	rootObject = D39E6F152AC74D84000D3D29 /* Project object */;
}
